{
    "_meta": {
        "hash": {
            "sha256": "87eadbf75ee098d16af6f8792db10481c358b615a6fc8716e2a84301d4f5cece"
        },
        "pipfile-spec": 6,
        "requires": {
            "python_full_version": "3.11.2",
            "python_version": "3.11"
        },
        "sources": [
            {
                "name": "pypi",
                "url": "https://pypi.org/simple",
                "verify_ssl": true
            }
        ]
    },
    "default": {
        "cowsay": {
            "hashes": [
                "sha256:274b1e6fc1b966d53976333eb90ac94cb07a450a700b455af9fbdf882244b30a"
            ],
            "index": "pypi",
            "version": "==6.1"
        }
    },
    "develop": {}
}
